// !$*UTF8*$!
{
	archiveVersion = 1;
	classes = {
	};
	objectVersion = 56;
	objects = {

/* Begin PBXBuildFile section */
		A42102FE2C625F72005580E9 /* DotBuddyApp.swift in Sources */ = {isa = PBXBuildFile; fileRef = A42102FD2C625F72005580E9 /* DotBuddyApp.swift */; };
		A42103002C625F72005580E9 /* ContentView.swift in Sources */ = {isa = PBXBuildFile; fileRef = A42102FF2C625F72005580E9 /* ContentView.swift */; };
		A42103022C625F73005580E9 /* Assets.xcassets in Resources */ = {isa = PBXBuildFile; fileRef = A42103012C625F73005580E9 /* Assets.xcassets */; };
		A42103052C625F73005580E9 /* Preview Assets.xcassets in Resources */ = {isa = PBXBuildFile; fileRef = A42103042C625F73005580E9 /* Preview Assets.xcassets */; };
		A421030C2C625F74005580E9 /* Alias.swift in Sources */ = {isa = PBXBuildFile; fileRef = A421030D2C625F74005580E9 /* Alias.swift */; };
		A421030E2C625F74005580E9 /* AliasFileManager.swift in Sources */ = {isa = PBXBuildFile; fileRef = A421030F2C625F74005580E9 /* AliasFileManager.swift */; };
		A42103102C625F74005580E9 /* AliasViewModel.swift in Sources */ = {isa = PBXBuildFile; fileRef = A42103112C625F74005580E9 /* AliasViewModel.swift */; };
		A42103122C625F74005580E9 /* AliasFormView.swift in Sources */ = {isa = PBXBuildFile; fileRef = A42103132C625F74005580E9 /* AliasFormView.swift */; };
		A42103142C625F74005580E9 /* AliasRowView.swift in Sources */ = {isa = PBXBuildFile; fileRef = A42103152C625F74005580E9 /* AliasRowView.swift */; };
		A42103162C625F75005580E9 /* EnvVariable.swift in Sources */ = {isa = PBXBuildFile; fileRef = A42103172C625F75005580E9 /* EnvVariable.swift */; };
		A42103182C625F75005580E9 /* EnvFileManager.swift in Sources */ = {isa = PBXBuildFile; fileRef = A42103192C625F75005580E9 /* EnvFileManager.swift */; };
		A421031A2C625F75005580E9 /* EnvViewModel.swift in Sources */ = {isa = PBXBuildFile; fileRef = A421031B2C625F75005580E9 /* EnvViewModel.swift */; };

		A421031E2C625F75005580E9 /* EnvRowView.swift in Sources */ = {isa = PBXBuildFile; fileRef = A421031F2C625F75005580E9 /* EnvRowView.swift */; };
		A42103202C625F75005580E9 /* EnvContentView.swift in Sources */ = {isa = PBXBuildFile; fileRef = A42103212C625F75005580E9 /* EnvContentView.swift */; };
		A42103222C625F76005580E9 /* HomeView.swift in Sources */ = {isa = PBXBuildFile; fileRef = A42103232C625F76005580E9 /* HomeView.swift */; };
		A42103242C625F77005580E9 /* HoverButton.swift in Sources */ = {isa = PBXBuildFile; fileRef = A42103252C625F77005580E9 /* HoverButton.swift */; };
		A42103262C625F78005580E9 /* LibraryData.swift in Sources */ = {isa = PBXBuildFile; fileRef = A42103272C625F78005580E9 /* LibraryData.swift */; };
		A42103282C625F79005580E9 /* LibraryView.swift in Sources */ = {isa = PBXBuildFile; fileRef = A42103292C625F79005580E9 /* LibraryView.swift */; };
		A421032A2C625F7A005580E9 /* LibrarySheetView.swift in Sources */ = {isa = PBXBuildFile; fileRef = A421032B2C625F7A005580E9 /* LibrarySheetView.swift */; };
		A421032C2C625F7B005580E9 /* BulkActionBar.swift in Sources */ = {isa = PBXBuildFile; fileRef = A421032D2C625F7B005580E9 /* BulkActionBar.swift */; };
		B40000022C625F7C005580E9 /* FileWatcher.swift in Sources */ = {isa = PBXBuildFile; fileRef = B40000032C625F7C005580E9 /* FileWatcher.swift */; };
		B40000042C625F7D005580E9 /* HistoryInsights.swift in Sources */ = {isa = PBXBuildFile; fileRef = B40000052C625F7D005580E9 /* HistoryInsights.swift */; };
		C50000012D900001005580E9 /* ContentView+Toolbar.swift in Sources */ = {isa = PBXBuildFile; fileRef = C50000022D900001005580E9 /* ContentView+Toolbar.swift */; };
		C50000032D900002005580E9 /* ContentView+Actions.swift in Sources */ = {isa = PBXBuildFile; fileRef = C50000042D900002005580E9 /* ContentView+Actions.swift */; };
		C50000052D900003005580E9 /* EnvContentView+Toolbar.swift in Sources */ = {isa = PBXBuildFile; fileRef = C50000062D900003005580E9 /* EnvContentView+Toolbar.swift */; };
		C50000072D900004005580E9 /* EnvContentView+Actions.swift in Sources */ = {isa = PBXBuildFile; fileRef = C50000082D900004005580E9 /* EnvContentView+Actions.swift */; };
/* End PBXBuildFile section */

/* Begin PBXFileReference section */
		A42102FA2C625F72005580E9 /* DotBuddy.app */ = {isa = PBXFileReference; explicitFileType = wrapper.application; includeInIndex = 0; path = DotBuddy.app; sourceTree = BUILT_PRODUCTS_DIR; };
		A42102FD2C625F72005580E9 /* DotBuddyApp.swift */ = {isa = PBXFileReference; lastKnownFileType = sourcecode.swift; path = DotBuddyApp.swift; sourceTree = "<group>"; };
		A42102FF2C625F72005580E9 /* ContentView.swift */ = {isa = PBXFileReference; lastKnownFileType = sourcecode.swift; path = ContentView.swift; sourceTree = "<group>"; };
		A42103012C625F73005580E9 /* Assets.xcassets */ = {isa = PBXFileReference; lastKnownFileType = folder.assetcatalog; path = Assets.xcassets; sourceTree = "<group>"; };
		A42103042C625F73005580E9 /* Preview Assets.xcassets */ = {isa = PBXFileReference; lastKnownFileType = folder.assetcatalog; path = "Preview Assets.xcassets"; sourceTree = "<group>"; };
		A42103062C625F73005580E9 /* DotBuddy.entitlements */ = {isa = PBXFileReference; lastKnownFileType = text.plist.entitlements; path = DotBuddy.entitlements; sourceTree = "<group>"; };
		A421030D2C625F74005580E9 /* Alias.swift */ = {isa = PBXFileReference; lastKnownFileType = sourcecode.swift; path = Alias.swift; sourceTree = "<group>"; };
		A421030F2C625F74005580E9 /* AliasFileManager.swift */ = {isa = PBXFileReference; lastKnownFileType = sourcecode.swift; path = AliasFileManager.swift; sourceTree = "<group>"; };
		A42103112C625F74005580E9 /* AliasViewModel.swift */ = {isa = PBXFileReference; lastKnownFileType = sourcecode.swift; path = AliasViewModel.swift; sourceTree = "<group>"; };
		A42103132C625F74005580E9 /* AliasFormView.swift */ = {isa = PBXFileReference; lastKnownFileType = sourcecode.swift; path = AliasFormView.swift; sourceTree = "<group>"; };
		A42103152C625F74005580E9 /* AliasRowView.swift */ = {isa = PBXFileReference; lastKnownFileType = sourcecode.swift; path = AliasRowView.swift; sourceTree = "<group>"; };
		A42103172C625F75005580E9 /* EnvVariable.swift */ = {isa = PBXFileReference; lastKnownFileType = sourcecode.swift; path = EnvVariable.swift; sourceTree = "<group>"; };
		A42103192C625F75005580E9 /* EnvFileManager.swift */ = {isa = PBXFileReference; lastKnownFileType = sourcecode.swift; path = EnvFileManager.swift; sourceTree = "<group>"; };
		A421031B2C625F75005580E9 /* EnvViewModel.swift */ = {isa = PBXFileReference; lastKnownFileType = sourcecode.swift; path = EnvViewModel.swift; sourceTree = "<group>"; };

		A421031F2C625F75005580E9 /* EnvRowView.swift */ = {isa = PBXFileReference; lastKnownFileType = sourcecode.swift; path = EnvRowView.swift; sourceTree = "<group>"; };
		A42103212C625F75005580E9 /* EnvContentView.swift */ = {isa = PBXFileReference; lastKnownFileType = sourcecode.swift; path = EnvContentView.swift; sourceTree = "<group>"; };
		A42103232C625F76005580E9 /* HomeView.swift */ = {isa = PBXFileReference; lastKnownFileType = sourcecode.swift; path = HomeView.swift; sourceTree = "<group>"; };
		A42103252C625F77005580E9 /* HoverButton.swift */ = {isa = PBXFileReference; lastKnownFileType = sourcecode.swift; path = HoverButton.swift; sourceTree = "<group>"; };
		A42103272C625F78005580E9 /* LibraryData.swift */ = {isa = PBXFileReference; lastKnownFileType = sourcecode.swift; path = LibraryData.swift; sourceTree = "<group>"; };
		A42103292C625F79005580E9 /* LibraryView.swift */ = {isa = PBXFileReference; lastKnownFileType = sourcecode.swift; path = LibraryView.swift; sourceTree = "<group>"; };
		A421032B2C625F7A005580E9 /* LibrarySheetView.swift */ = {isa = PBXFileReference; lastKnownFileType = sourcecode.swift; path = LibrarySheetView.swift; sourceTree = "<group>"; };
		A421032D2C625F7B005580E9 /* BulkActionBar.swift */ = {isa = PBXFileReference; lastKnownFileType = sourcecode.swift; path = BulkActionBar.swift; sourceTree = "<group>"; };
		B40000032C625F7C005580E9 /* FileWatcher.swift */ = {isa = PBXFileReference; lastKnownFileType = sourcecode.swift; path = FileWatcher.swift; sourceTree = "<group>"; };
		B40000052C625F7D005580E9 /* HistoryInsights.swift */ = {isa = PBXFileReference; lastKnownFileType = sourcecode.swift; path = HistoryInsights.swift; sourceTree = "<group>"; };
		C50000022D900001005580E9 /* ContentView+Toolbar.swift */ = {isa = PBXFileReference; lastKnownFileType = sourcecode.swift; path = "ContentView+Toolbar.swift"; sourceTree = "<group>"; };
		C50000042D900002005580E9 /* ContentView+Actions.swift */ = {isa = PBXFileReference; lastKnownFileType = sourcecode.swift; path = "ContentView+Actions.swift"; sourceTree = "<group>"; };
		C50000062D900003005580E9 /* EnvContentView+Toolbar.swift */ = {isa = PBXFileReference; lastKnownFileType = sourcecode.swift; path = "EnvContentView+Toolbar.swift"; sourceTree = "<group>"; };
		C50000082D900004005580E9 /* EnvContentView+Actions.swift */ = {isa = PBXFileReference; lastKnownFileType = sourcecode.swift; path = "EnvContentView+Actions.swift"; sourceTree = "<group>"; };
/* End PBXFileReference section */

/* Begin PBXFrameworksBuildPhase section */
		A42102F72C625F72005580E9 /* Frameworks */ = {
			isa = PBXFrameworksBuildPhase;
			buildActionMask = 2147483647;
			files = (
			);
			runOnlyForDeploymentPostprocessing = 0;
		};
/* End PBXFrameworksBuildPhase section */

/* Begin PBXGroup section */
		A42102F12C625F72005580E9 = {
			isa = PBXGroup;
			children = (
				A42102FC2C625F72005580E9 /* DotBuddy */,
				A42102FB2C625F72005580E9 /* Products */,
			);
			sourceTree = "<group>";
		};
		A42102FB2C625F72005580E9 /* Products */ = {
			isa = PBXGroup;
			children = (
				A42102FA2C625F72005580E9 /* DotBuddy.app */,
			);
			name = Products;
			sourceTree = "<group>";
		};
		A42102FC2C625F72005580E9 /* DotBuddy */ = {
			isa = PBXGroup;
			children = (
				A42102FD2C625F72005580E9 /* DotBuddyApp.swift */,
				A421030D2C625F74005580E9 /* Alias.swift */,
				A421030F2C625F74005580E9 /* AliasFileManager.swift */,
				A42103112C625F74005580E9 /* AliasViewModel.swift */,
				A42102FF2C625F72005580E9 /* ContentView.swift */,
				C50000022D900001005580E9 /* ContentView+Toolbar.swift */,
				C50000042D900002005580E9 /* ContentView+Actions.swift */,
				A42103132C625F74005580E9 /* AliasFormView.swift */,
				A42103152C625F74005580E9 /* AliasRowView.swift */,
				A42103172C625F75005580E9 /* EnvVariable.swift */,
				A42103192C625F75005580E9 /* EnvFileManager.swift */,
				A421031B2C625F75005580E9 /* EnvViewModel.swift */,
				A42103212C625F75005580E9 /* EnvContentView.swift */,
				C50000062D900003005580E9 /* EnvContentView+Toolbar.swift */,
				C50000082D900004005580E9 /* EnvContentView+Actions.swift */,
				A421031F2C625F75005580E9 /* EnvRowView.swift */,
				A42103232C625F76005580E9 /* HomeView.swift */,
				A42103252C625F77005580E9 /* HoverButton.swift */,
				A42103272C625F78005580E9 /* LibraryData.swift */,
				A42103292C625F79005580E9 /* LibraryView.swift */,
				A421032B2C625F7A005580E9 /* LibrarySheetView.swift */,
				A421032D2C625F7B005580E9 /* BulkActionBar.swift */,
				B40000032C625F7C005580E9 /* FileWatcher.swift */,
				B40000052C625F7D005580E9 /* HistoryInsights.swift */,
				A42103012C625F73005580E9 /* Assets.xcassets */,
				A42103062C625F73005580E9 /* DotBuddy.entitlements */,
				A42103032C625F73005580E9 /* Preview Content */,
			);
			path = DotBuddy;
			sourceTree = "<group>";
		};
		A42103032C625F73005580E9 /* Preview Content */ = {
			isa = PBXGroup;
			children = (
				A42103042C625F73005580E9 /* Preview Assets.xcassets */,
			);
			path = "Preview Content";
			sourceTree = "<group>";
		};
/* End PBXGroup section */

/* Begin PBXShellScriptBuildPhase section */
		B40000012C625F72005580E9 /* SwiftLint */ = {
			isa = PBXShellScriptBuildPhase;
			alwaysOutOfDate = 1;
			buildActionMask = 2147483647;
			files = (
			);
			inputFileListPaths = (
			);
			inputPaths = (
			);
			name = SwiftLint;
			outputFileListPaths = (
			);
			outputPaths = (
			);
			runOnlyForDeploymentPostprocessing = 0;
			shellPath = /bin/sh;
			shellScript = "if command -v swiftlint >/dev/null 2>&1; then\n  swiftlint\nelse\n  echo \"warning: SwiftLint not installed, download from https://github.com/realm/SwiftLint\"\nfi\n";
		};
/* End PBXShellScriptBuildPhase section */

/* Begin PBXNativeTarget section */
		A42102F92C625F72005580E9 /* DotBuddy */ = {
			isa = PBXNativeTarget;
			buildConfigurationList = A42103092C625F73005580E9 /* Build configuration list for PBXNativeTarget "DotBuddy" */;
			buildPhases = (
				B40000012C625F72005580E9 /* SwiftLint */,
				A42102F62C625F72005580E9 /* Sources */,
				A42102F72C625F72005580E9 /* Frameworks */,
				A42102F82C625F72005580E9 /* Resources */,
			);
			buildRules = (
			);
			dependencies = (
			);
			name = DotBuddy;
			productName = DotBuddy;
			productReference = A42102FA2C625F72005580E9 /* DotBuddy.app */;
			productType = "com.apple.product-type.application";
		};
/* End PBXNativeTarget section */

/* Begin PBXProject section */
		A42102F22C625F72005580E9 /* Project object */ = {
			isa = PBXProject;
			attributes = {
				BuildIndependentTargetsInParallel = 1;
				LastSwiftUpdateCheck = 1540;
				LastUpgradeCheck = 2660;
				TargetAttributes = {
					A42102F92C625F72005580E9 = {
						CreatedOnToolsVersion = 15.4;
					};
				};
			};
			buildConfigurationList = A42102F52C625F72005580E9 /* Build configuration list for PBXProject "DotBuddy" */;
			compatibilityVersion = "Xcode 14.0";
			developmentRegion = en;
			hasScannedForEncodings = 0;
			knownRegions = (
				en,
				Base,
			);
			mainGroup = A42102F12C625F72005580E9;
			productRefGroup = A42102FB2C625F72005580E9 /* Products */;
			projectDirPath = "";
			projectRoot = "";
			targets = (
				A42102F92C625F72005580E9 /* DotBuddy */,
			);
		};
/* End PBXProject section */

/* Begin PBXResourcesBuildPhase section */
		A42102F82C625F72005580E9 /* Resources */ = {
			isa = PBXResourcesBuildPhase;
			buildActionMask = 2147483647;
			files = (
				A42103052C625F73005580E9 /* Preview Assets.xcassets in Resources */,
				A42103022C625F73005580E9 /* Assets.xcassets in Resources */,
			);
			runOnlyForDeploymentPostprocessing = 0;
		};
/* End PBXResourcesBuildPhase section */

/* Begin PBXSourcesBuildPhase section */
		A42102F62C625F72005580E9 /* Sources */ = {
			isa = PBXSourcesBuildPhase;
			buildActionMask = 2147483647;
			files = (
				A42103002C625F72005580E9 /* ContentView.swift in Sources */,
				C50000012D900001005580E9 /* ContentView+Toolbar.swift in Sources */,
				C50000032D900002005580E9 /* ContentView+Actions.swift in Sources */,
				A42102FE2C625F72005580E9 /* DotBuddyApp.swift in Sources */,
				A421030C2C625F74005580E9 /* Alias.swift in Sources */,
				A421030E2C625F74005580E9 /* AliasFileManager.swift in Sources */,
				A42103102C625F74005580E9 /* AliasViewModel.swift in Sources */,
				A42103122C625F74005580E9 /* AliasFormView.swift in Sources */,
				A42103142C625F74005580E9 /* AliasRowView.swift in Sources */,
				A42103162C625F75005580E9 /* EnvVariable.swift in Sources */,
				A42103182C625F75005580E9 /* EnvFileManager.swift in Sources */,
				A421031A2C625F75005580E9 /* EnvViewModel.swift in Sources */,
				A42103202C625F75005580E9 /* EnvContentView.swift in Sources */,
				C50000052D900003005580E9 /* EnvContentView+Toolbar.swift in Sources */,
				C50000072D900004005580E9 /* EnvContentView+Actions.swift in Sources */,
				A421031E2C625F75005580E9 /* EnvRowView.swift in Sources */,
				A42103222C625F76005580E9 /* HomeView.swift in Sources */,
				A42103242C625F77005580E9 /* HoverButton.swift in Sources */,
				A42103262C625F78005580E9 /* LibraryData.swift in Sources */,
				A42103282C625F79005580E9 /* LibraryView.swift in Sources */,
				A421032A2C625F7A005580E9 /* LibrarySheetView.swift in Sources */,
				A421032C2C625F7B005580E9 /* BulkActionBar.swift in Sources */,
				B40000022C625F7C005580E9 /* FileWatcher.swift in Sources */,
				B40000042C625F7D005580E9 /* HistoryInsights.swift in Sources */,
			);
			runOnlyForDeploymentPostprocessing = 0;
		};
/* End PBXSourcesBuildPhase section */

/* Begin XCBuildConfiguration section */
		A42103072C625F73005580E9 /* Debug */ = {
			isa = XCBuildConfiguration;
			buildSettings = {
				ALWAYS_SEARCH_USER_PATHS = NO;
				ASSETCATALOG_COMPILER_GENERATE_SWIFT_ASSET_SYMBOL_EXTENSIONS = YES;
				CLANG_ANALYZER_NONNULL = YES;
				CLANG_ANALYZER_NUMBER_OBJECT_CONVERSION = YES_AGGRESSIVE;
				CLANG_CXX_LANGUAGE_STANDARD = "gnu++20";
				CLANG_ENABLE_MODULES = YES;
				CLANG_ENABLE_OBJC_ARC = YES;
				CLANG_ENABLE_OBJC_WEAK = YES;
				CLANG_WARN_BLOCK_CAPTURE_AUTORELEASING = YES;
				CLANG_WARN_BOOL_CONVERSION = YES;
				CLANG_WARN_COMMA = YES;
				CLANG_WARN_CONSTANT_CONVERSION = YES;
				CLANG_WARN_DEPRECATED_OBJC_IMPLEMENTATIONS = YES;
				CLANG_WARN_DIRECT_OBJC_ISA_USAGE = YES_ERROR;
				CLANG_WARN_DOCUMENTATION_COMMENTS = YES;
				CLANG_WARN_EMPTY_BODY = YES;
				CLANG_WARN_ENUM_CONVERSION = YES;
				CLANG_WARN_INFINITE_RECURSION = YES;
				CLANG_WARN_INT_CONVERSION = YES;
				CLANG_WARN_NON_LITERAL_NULL_CONVERSION = YES;
				CLANG_WARN_OBJC_IMPLICIT_RETAIN_SELF = YES;
				CLANG_WARN_OBJC_LITERAL_CONVERSION = YES;
				CLANG_WARN_OBJC_ROOT_CLASS = YES_ERROR;
				CLANG_WARN_QUOTED_INCLUDE_IN_FRAMEWORK_HEADER = YES;
				CLANG_WARN_RANGE_LOOP_ANALYSIS = YES;
				CLANG_WARN_STRICT_PROTOTYPES = YES;
				CLANG_WARN_SUSPICIOUS_MOVE = YES;
				CLANG_WARN_UNGUARDED_AVAILABILITY = YES_AGGRESSIVE;
				CLANG_WARN_UNREACHABLE_CODE = YES;
				CLANG_WARN__DUPLICATE_METHOD_MATCH = YES;
				COPY_PHASE_STRIP = NO;
				DEAD_CODE_STRIPPING = YES;
				DEBUG_INFORMATION_FORMAT = dwarf;
				ENABLE_STRICT_OBJC_MSGSEND = YES;
				ENABLE_TESTABILITY = YES;
				ENABLE_USER_SCRIPT_SANDBOXING = YES;
				GCC_C_LANGUAGE_STANDARD = gnu17;
				GCC_DYNAMIC_NO_PIC = NO;
				GCC_NO_COMMON_BLOCKS = YES;
				GCC_OPTIMIZATION_LEVEL = 0;
				GCC_PREPROCESSOR_DEFINITIONS = (
					"DEBUG=1",
					"$(inherited)",
				);
				GCC_WARN_64_TO_32_BIT_CONVERSION = YES;
				GCC_WARN_ABOUT_RETURN_TYPE = YES_ERROR;
				GCC_WARN_UNDECLARED_SELECTOR = YES;
				GCC_WARN_UNINITIALIZED_AUTOS = YES_AGGRESSIVE;
				GCC_WARN_UNUSED_FUNCTION = YES;
				GCC_WARN_UNUSED_VARIABLE = YES;
				LOCALIZATION_PREFERS_STRING_CATALOGS = YES;
				MACOSX_DEPLOYMENT_TARGET = 14.5;
				MTL_ENABLE_DEBUG_INFO = INCLUDE_SOURCE;
				MTL_FAST_MATH = YES;
				ONLY_ACTIVE_ARCH = YES;
				SDKROOT = macosx;
				STRING_CATALOG_GENERATE_SYMBOLS = YES;
				SWIFT_ACTIVE_COMPILATION_CONDITIONS = "DEBUG $(inherited)";
				SWIFT_OPTIMIZATION_LEVEL = "-Onone";
			};
			name = Debug;
		};
		A42103082C625F73005580E9 /* Release */ = {
			isa = XCBuildConfiguration;
			buildSettings = {
				ALWAYS_SEARCH_USER_PATHS = NO;
				ASSETCATALOG_COMPILER_GENERATE_SWIFT_ASSET_SYMBOL_EXTENSIONS = YES;
				CLANG_ANALYZER_NONNULL = YES;
				CLANG_ANALYZER_NUMBER_OBJECT_CONVERSION = YES_AGGRESSIVE;
				CLANG_CXX_LANGUAGE_STANDARD = "gnu++20";
				CLANG_ENABLE_MODULES = YES;
				CLANG_ENABLE_OBJC_ARC = YES;
				CLANG_ENABLE_OBJC_WEAK = YES;
				CLANG_WARN_BLOCK_CAPTURE_AUTORELEASING = YES;
				CLANG_WARN_BOOL_CONVERSION = YES;
				CLANG_WARN_COMMA = YES;
				CLANG_WARN_CONSTANT_CONVERSION = YES;
				CLANG_WARN_DEPRECATED_OBJC_IMPLEMENTATIONS = YES;
				CLANG_WARN_DIRECT_OBJC_ISA_USAGE = YES_ERROR;
				CLANG_WARN_DOCUMENTATION_COMMENTS = YES;
				CLANG_WARN_EMPTY_BODY = YES;
				CLANG_WARN_ENUM_CONVERSION = YES;
				CLANG_WARN_INFINITE_RECURSION = YES;
				CLANG_WARN_INT_CONVERSION = YES;
				CLANG_WARN_NON_LITERAL_NULL_CONVERSION = YES;
				CLANG_WARN_OBJC_IMPLICIT_RETAIN_SELF = YES;
				CLANG_WARN_OBJC_LITERAL_CONVERSION = YES;
				CLANG_WARN_OBJC_ROOT_CLASS = YES_ERROR;
				CLANG_WARN_QUOTED_INCLUDE_IN_FRAMEWORK_HEADER = YES;
				CLANG_WARN_RANGE_LOOP_ANALYSIS = YES;
				CLANG_WARN_STRICT_PROTOTYPES = YES;
				CLANG_WARN_SUSPICIOUS_MOVE = YES;
				CLANG_WARN_UNGUARDED_AVAILABILITY = YES_AGGRESSIVE;
				CLANG_WARN_UNREACHABLE_CODE = YES;
				CLANG_WARN__DUPLICATE_METHOD_MATCH = YES;
				COPY_PHASE_STRIP = NO;
				DEAD_CODE_STRIPPING = YES;
				DEBUG_INFORMATION_FORMAT = "dwarf-with-dsym";
				ENABLE_NS_ASSERTIONS = NO;
				ENABLE_STRICT_OBJC_MSGSEND = YES;
				ENABLE_USER_SCRIPT_SANDBOXING = YES;
				GCC_C_LANGUAGE_STANDARD = gnu17;
				GCC_NO_COMMON_BLOCKS = YES;
				GCC_WARN_64_TO_32_BIT_CONVERSION = YES;
				GCC_WARN_ABOUT_RETURN_TYPE = YES_ERROR;
				GCC_WARN_UNDECLARED_SELECTOR = YES;
				GCC_WARN_UNINITIALIZED_AUTOS = YES_AGGRESSIVE;
				GCC_WARN_UNUSED_FUNCTION = YES;
				GCC_WARN_UNUSED_VARIABLE = YES;
				LOCALIZATION_PREFERS_STRING_CATALOGS = YES;
				MACOSX_DEPLOYMENT_TARGET = 14.5;
				MTL_ENABLE_DEBUG_INFO = NO;
				MTL_FAST_MATH = YES;
				SDKROOT = macosx;
				STRING_CATALOG_GENERATE_SYMBOLS = YES;
				SWIFT_COMPILATION_MODE = wholemodule;
			};
			name = Release;
		};
		A421030A2C625F73005580E9 /* Debug */ = {
			isa = XCBuildConfiguration;
			buildSettings = {
				ASSETCATALOG_COMPILER_APPICON_NAME = AppIcon;
				ASSETCATALOG_COMPILER_GLOBAL_ACCENT_COLOR_NAME = AccentColor;
				CODE_SIGN_ENTITLEMENTS = DotBuddy/DotBuddy.entitlements;
				CODE_SIGN_STYLE = Automatic;
				COMBINE_HIDPI_IMAGES = YES;
				CURRENT_PROJECT_VERSION = 2;
				DEAD_CODE_STRIPPING = YES;
				DEVELOPMENT_ASSET_PATHS = "\"DotBuddy/Preview Content\"";
				ENABLE_PREVIEWS = YES;
				GENERATE_INFOPLIST_FILE = YES;
				INFOPLIST_KEY_NSFaceIDUsageDescription = "Authenticate to reveal secret environment variables.";
				INFOPLIST_KEY_NSHumanReadableCopyright = "Copyright © 2026 Zack Wagner. All rights reserved.";
				LD_RUNPATH_SEARCH_PATHS = (
					"$(inherited)",
					"@executable_path/../Frameworks",
				);
				MARKETING_VERSION = 2.0.1;
				PRODUCT_BUNDLE_IDENTIFIER = zackwag.DotBuddy;
				PRODUCT_NAME = DotBuddy;
				SWIFT_EMIT_LOC_STRINGS = YES;
				SWIFT_VERSION = 5.0;
			};
			name = Debug;
		};
		A421030B2C625F73005580E9 /* Release */ = {
			isa = XCBuildConfiguration;
			buildSettings = {
				ASSETCATALOG_COMPILER_APPICON_NAME = AppIcon;
				ASSETCATALOG_COMPILER_GLOBAL_ACCENT_COLOR_NAME = AccentColor;
				CODE_SIGN_ENTITLEMENTS = DotBuddy/DotBuddy.entitlements;
				CODE_SIGN_STYLE = Automatic;
				COMBINE_HIDPI_IMAGES = YES;
				CURRENT_PROJECT_VERSION = 2;
				DEAD_CODE_STRIPPING = YES;
				DEVELOPMENT_ASSET_PATHS = "\"DotBuddy/Preview Content\"";
				ENABLE_PREVIEWS = YES;
				GENERATE_INFOPLIST_FILE = YES;
				INFOPLIST_KEY_NSFaceIDUsageDescription = "Authenticate to reveal secret environment variables.";
				INFOPLIST_KEY_NSHumanReadableCopyright = "Copyright © 2026 Zack Wagner. All rights reserved.";
				LD_RUNPATH_SEARCH_PATHS = (
					"$(inherited)",
					"@executable_path/../Frameworks",
				);
				MARKETING_VERSION = 2.0.1;
				PRODUCT_BUNDLE_IDENTIFIER = zackwag.DotBuddy;
				PRODUCT_NAME = DotBuddy;
				SWIFT_EMIT_LOC_STRINGS = YES;
				SWIFT_VERSION = 5.0;
			};
			name = Release;
		};
/* End XCBuildConfiguration section */

/* Begin XCConfigurationList section */
		A42102F52C625F72005580E9 /* Build configuration list for PBXProject "DotBuddy" */ = {
			isa = XCConfigurationList;
			buildConfigurations = (
				A42103072C625F73005580E9 /* Debug */,
				A42103082C625F73005580E9 /* Release */,
			);
			defaultConfigurationIsVisible = 0;
			defaultConfigurationName = Release;
		};
		A42103092C625F73005580E9 /* Build configuration list for PBXNativeTarget "DotBuddy" */ = {
			isa = XCConfigurationList;
			buildConfigurations = (
				A421030A2C625F73005580E9 /* Debug */,
				A421030B2C625F73005580E9 /* Release */,
			);
			defaultConfigurationIsVisible = 0;
			defaultConfigurationName = Release;
		};
/* End XCConfigurationList section */
	};
	rootObject = A42102F22C625F72005580E9 /* Project object */;
}
